
Microsoft Visual Studio Solution File, Format Version 12.00
# Visual Studio Version 18
VisualStudioVersion = 18.0.11205.157
MinimumVisualStudioVersion = 10.0.40219.1
Project("{2150E333-8FDC-42A3-9474-1A3956D46DE8}") = "FrontendAdmin", "FrontendAdmin", "{02EA681E-C7D8-13C7-8484-4AC65E1B71E8}"
EndProject
Project("{2150E333-8FDC-42A3-9474-1A3956D46DE8}") = "BackendAdmin", "BackendAdmin", "{210370F1-ED7D-4433-97DA-A00D9B2EE9BB}"
EndProject
Project("{FAE04EC0-301F-11D3-BF4B-00C04F79EFBC}") = "BackendAdmin.Api", "BackendAdmin\BackendAdmin.Api\BackendAdmin.Api.csproj", "{B1121C94-1DEF-4ACE-B64D-672ECC3CE4D6}"
EndProject
Project("{E53339B2-1760-4266-BCC7-CA923CBCF16C}") = "docker-compose", "docker-compose.dcproj", "{81DDED9D-158B-E303-5F62-77A2896D2A5A}"
EndProject
Project("{FAE04EC0-301F-11D3-BF4B-00C04F79EFBC}") = "BackendAdmin.Domain", "BackendAdmin\BackendAdmin.Domain\BackendAdmin.Domain.csproj", "{EDCC20C7-393F-47FE-9EFF-8655C4FD2BBE}"
EndProject
Project("{FAE04EC0-301F-11D3-BF4B-00C04F79EFBC}") = "BackendAdmin.Application", "BackendAdmin\BackendAdmin.Application\BackendAdmin.Application.csproj", "{991351CB-5A5D-4D89-A17A-A43F3CB2D5A3}"
EndProject
Project("{FAE04EC0-301F-11D3-BF4B-00C04F79EFBC}") = "BackendAdmin.Infrastructure", "BackendAdmin\BackendAdmin.Infrastructure\BackendAdmin.Infrastructure.csproj", "{8E88D691-C2E3-44B7-B2A7-8E2273BFFF35}"
EndProject
Project("{FAE04EC0-301F-11D3-BF4B-00C04F79EFBC}") = "FrontendAdmin", "FrontendAdmin\FrontendAdmin\FrontendAdmin.csproj", "{926C7237-C91E-49B7-B5CC-757802363910}"
EndProject
Project("{FAE04EC0-301F-11D3-BF4B-00C04F79EFBC}") = "FrontendAdmin.Shared", "FrontendAdmin\FrontendAdmin.Shared\FrontendAdmin.Shared.csproj", "{DF2D1036-E71A-4EFE-9C1C-1C16C32243F6}"
EndProject
Project("{FAE04EC0-301F-11D3-BF4B-00C04F79EFBC}") = "FrontendAdmin.Web", "FrontendAdmin\FrontendAdmin.Web\FrontendAdmin.Web.csproj", "{DE84CF5F-93C7-4CAA-8E35-D4826CFB72BB}"
EndProject
Project("{FAE04EC0-301F-11D3-BF4B-00C04F79EFBC}") = "FrontendAdmin.Web.Client", "FrontendAdmin\FrontendAdmin.Web.Client\FrontendAdmin.Web.Client.csproj", "{F8D69164-2103-48AB-862D-3D8A954A7F49}"
EndProject
Project("{2150E333-8FDC-42A3-9474-1A3956D46DE8}") = "Services", "Services", "{9670FA8E-1D03-4DCA-A114-39D70A03210F}"
EndProject
Project("{2150E333-8FDC-42A3-9474-1A3956D46DE8}") = "MenuService", "MenuService", "{1F023ADF-464F-4C64-9CBE-BE229A3957FD}"
EndProject
Project("{FAE04EC0-301F-11D3-BF4B-00C04F79EFBC}") = "MenuService.Application", "Services\MenuService\MenuService.Application\MenuService.Application.csproj", "{D866FAE8-ECB4-4108-8940-B2D9BEF28FE2}"
EndProject
Project("{FAE04EC0-301F-11D3-BF4B-00C04F79EFBC}") = "MenuService.Domain", "Services\MenuService\MenuService.Domain\MenuService.Domain.csproj", "{E8BA5030-E34E-4C46-964F-3006FABFC82C}"
EndProject
Project("{FAE04EC0-301F-11D3-BF4B-00C04F79EFBC}") = "MenuService.Infrastructure", "Services\MenuService\MenuService.Infrastructure\MenuService.Infrastructure.csproj", "{8C8D80BA-09B9-4AD2-A915-910D528F4782}"
EndProject
Project("{FAE04EC0-301F-11D3-BF4B-00C04F79EFBC}") = "MenuService.Api", "Services\MenuService\MenuService.Api\MenuService.Api.csproj", "{0B8CEA08-318D-4CBC-A5B2-94723523B33F}"
EndProject
Project("{2150E333-8FDC-42A3-9474-1A3956D46DE8}") = "Éléments de solution", "Éléments de solution", "{42D9AED2-5002-4DA4-8E80-A1A7D19701A3}"
EndProject
Project("{2150E333-8FDC-42A3-9474-1A3956D46DE8}") = "MagasinService", "MagasinService", "{67B2D64A-94D7-4E13-9E82-02D6FFB6796B}"
EndProject
Project("{FAE04EC0-301F-11D3-BF4B-00C04F79EFBC}") = "MagasinService.Api", "Services\MagasinService\MagasinService.Api\MagasinService.Api.csproj", "{B42E75D7-1D3E-4528-BCFB-0B96F2FBA0DD}"
EndProject
Project("{FAE04EC0-301F-11D3-BF4B-00C04F79EFBC}") = "MagasinService.Domain", "Services\MagasinService\MagasinService.Domain\MagasinService.Domain.csproj", "{9DE849E9-D87A-45CA-B2F7-AE29B5414817}"
EndProject
Project("{FAE04EC0-301F-11D3-BF4B-00C04F79EFBC}") = "MagasinService.Application", "Services\MagasinService\MagasinService.Application\MagasinService.Application.csproj", "{8F87EA9A-0D6D-43AA-B15F-74720D401A57}"
EndProject
Project("{FAE04EC0-301F-11D3-BF4B-00C04F79EFBC}") = "MagasinService.Infrastructure", "Services\MagasinService\MagasinService.Infrastructure\MagasinService.Infrastructure.csproj", "{45407C3B-A1D0-4778-ABA1-B3E838E2E703}"
EndProject
Project("{2150E333-8FDC-42A3-9474-1A3956D46DE8}") = "TresorerieService", "TresorerieService", "{C2ED0825-F9CE-45AF-B734-665DE8328746}"
EndProject
Project("{FAE04EC0-301F-11D3-BF4B-00C04F79EFBC}") = "TresorerieService.Api", "Services\TresorerieService\TresorerieService.Api\TresorerieService.Api.csproj", "{95857FAC-A537-4BBB-A707-09038F8765AA}"
EndProject
Project("{FAE04EC0-301F-11D3-BF4B-00C04F79EFBC}") = "TresorerieService.Application", "Services\TresorerieService\TresorerieService.Application\TresorerieService.Application.csproj", "{F1493DE1-6688-4D5C-8F78-31E22CDD2B9F}"
EndProject
Project("{FAE04EC0-301F-11D3-BF4B-00C04F79EFBC}") = "TresorerieService.Domain", "Services\TresorerieService\TresorerieService.Domain\TresorerieService.Domain.csproj", "{E4418DE1-3BB3-4290-8C3A-2BEFEDA28B89}"
EndProject
Project("{FAE04EC0-301F-11D3-BF4B-00C04F79EFBC}") = "TresorerieService.Infrastructure", "Services\TresorerieService\TresorerieService.Infrastructure\TresorerieService.Infrastructure.csproj", "{C686F3AC-979B-4767-A079-6E8C6E5CF6B7}"
EndProject
Global
	GlobalSection(SolutionConfigurationPlatforms) = preSolution
		Debug|Any CPU = Debug|Any CPU
		Release|Any CPU = Release|Any CPU
	EndGlobalSection
	GlobalSection(ProjectConfigurationPlatforms) = postSolution
		{B1121C94-1DEF-4ACE-B64D-672ECC3CE4D6}.Debug|Any CPU.ActiveCfg = Debug|Any CPU
		{B1121C94-1DEF-4ACE-B64D-672ECC3CE4D6}.Debug|Any CPU.Build.0 = Debug|Any CPU
		{B1121C94-1DEF-4ACE-B64D-672ECC3CE4D6}.Release|Any CPU.ActiveCfg = Release|Any CPU
		{B1121C94-1DEF-4ACE-B64D-672ECC3CE4D6}.Release|Any CPU.Build.0 = Release|Any CPU
		{81DDED9D-158B-E303-5F62-77A2896D2A5A}.Debug|Any CPU.ActiveCfg = Debug|Any CPU
		{81DDED9D-158B-E303-5F62-77A2896D2A5A}.Debug|Any CPU.Build.0 = Debug|Any CPU
		{81DDED9D-158B-E303-5F62-77A2896D2A5A}.Release|Any CPU.ActiveCfg = Release|Any CPU
		{81DDED9D-158B-E303-5F62-77A2896D2A5A}.Release|Any CPU.Build.0 = Release|Any CPU
		{EDCC20C7-393F-47FE-9EFF-8655C4FD2BBE}.Debug|Any CPU.ActiveCfg = Debug|Any CPU
		{EDCC20C7-393F-47FE-9EFF-8655C4FD2BBE}.Debug|Any CPU.Build.0 = Debug|Any CPU
		{EDCC20C7-393F-47FE-9EFF-8655C4FD2BBE}.Release|Any CPU.ActiveCfg = Release|Any CPU
		{EDCC20C7-393F-47FE-9EFF-8655C4FD2BBE}.Release|Any CPU.Build.0 = Release|Any CPU
		{991351CB-5A5D-4D89-A17A-A43F3CB2D5A3}.Debug|Any CPU.ActiveCfg = Debug|Any CPU
		{991351CB-5A5D-4D89-A17A-A43F3CB2D5A3}.Debug|Any CPU.Build.0 = Debug|Any CPU
		{991351CB-5A5D-4D89-A17A-A43F3CB2D5A3}.Release|Any CPU.ActiveCfg = Release|Any CPU
		{991351CB-5A5D-4D89-A17A-A43F3CB2D5A3}.Release|Any CPU.Build.0 = Release|Any CPU
		{8E88D691-C2E3-44B7-B2A7-8E2273BFFF35}.Debug|Any CPU.ActiveCfg = Debug|Any CPU
		{8E88D691-C2E3-44B7-B2A7-8E2273BFFF35}.Debug|Any CPU.Build.0 = Debug|Any CPU
		{8E88D691-C2E3-44B7-B2A7-8E2273BFFF35}.Release|Any CPU.ActiveCfg = Release|Any CPU
		{8E88D691-C2E3-44B7-B2A7-8E2273BFFF35}.Release|Any CPU.Build.0 = Release|Any CPU
		{926C7237-C91E-49B7-B5CC-757802363910}.Debug|Any CPU.ActiveCfg = Debug|Any CPU
		{926C7237-C91E-49B7-B5CC-757802363910}.Debug|Any CPU.Build.0 = Debug|Any CPU
		{926C7237-C91E-49B7-B5CC-757802363910}.Debug|Any CPU.Deploy.0 = Debug|Any CPU
		{926C7237-C91E-49B7-B5CC-757802363910}.Release|Any CPU.ActiveCfg = Release|Any CPU
		{926C7237-C91E-49B7-B5CC-757802363910}.Release|Any CPU.Build.0 = Release|Any CPU
		{926C7237-C91E-49B7-B5CC-757802363910}.Release|Any CPU.Deploy.0 = Release|Any CPU
		{DF2D1036-E71A-4EFE-9C1C-1C16C32243F6}.Debug|Any CPU.ActiveCfg = Debug|Any CPU
		{DF2D1036-E71A-4EFE-9C1C-1C16C32243F6}.Debug|Any CPU.Build.0 = Debug|Any CPU
		{DF2D1036-E71A-4EFE-9C1C-1C16C32243F6}.Release|Any CPU.ActiveCfg = Release|Any CPU
		{DF2D1036-E71A-4EFE-9C1C-1C16C32243F6}.Release|Any CPU.Build.0 = Release|Any CPU
		{DE84CF5F-93C7-4CAA-8E35-D4826CFB72BB}.Debug|Any CPU.ActiveCfg = Debug|Any CPU
		{DE84CF5F-93C7-4CAA-8E35-D4826CFB72BB}.Debug|Any CPU.Build.0 = Debug|Any CPU
		{DE84CF5F-93C7-4CAA-8E35-D4826CFB72BB}.Release|Any CPU.ActiveCfg = Release|Any CPU
		{DE84CF5F-93C7-4CAA-8E35-D4826CFB72BB}.Release|Any CPU.Build.0 = Release|Any CPU
		{F8D69164-2103-48AB-862D-3D8A954A7F49}.Debug|Any CPU.ActiveCfg = Debug|Any CPU
		{F8D69164-2103-48AB-862D-3D8A954A7F49}.Debug|Any CPU.Build.0 = Debug|Any CPU
		{F8D69164-2103-48AB-862D-3D8A954A7F49}.Release|Any CPU.ActiveCfg = Release|Any CPU
		{F8D69164-2103-48AB-862D-3D8A954A7F49}.Release|Any CPU.Build.0 = Release|Any CPU
		{D866FAE8-ECB4-4108-8940-B2D9BEF28FE2}.Debug|Any CPU.ActiveCfg = Debug|Any CPU
		{D866FAE8-ECB4-4108-8940-B2D9BEF28FE2}.Debug|Any CPU.Build.0 = Debug|Any CPU
		{D866FAE8-ECB4-4108-8940-B2D9BEF28FE2}.Release|Any CPU.ActiveCfg = Release|Any CPU
		{D866FAE8-ECB4-4108-8940-B2D9BEF28FE2}.Release|Any CPU.Build.0 = Release|Any CPU
		{E8BA5030-E34E-4C46-964F-3006FABFC82C}.Debug|Any CPU.ActiveCfg = Debug|Any CPU
		{E8BA5030-E34E-4C46-964F-3006FABFC82C}.Debug|Any CPU.Build.0 = Debug|Any CPU
		{E8BA5030-E34E-4C46-964F-3006FABFC82C}.Release|Any CPU.ActiveCfg = Release|Any CPU
		{E8BA5030-E34E-4C46-964F-3006FABFC82C}.Release|Any CPU.Build.0 = Release|Any CPU
		{8C8D80BA-09B9-4AD2-A915-910D528F4782}.Debug|Any CPU.ActiveCfg = Debug|Any CPU
		{8C8D80BA-09B9-4AD2-A915-910D528F4782}.Debug|Any CPU.Build.0 = Debug|Any CPU
		{8C8D80BA-09B9-4AD2-A915-910D528F4782}.Release|Any CPU.ActiveCfg = Release|Any CPU
		{8C8D80BA-09B9-4AD2-A915-910D528F4782}.Release|Any CPU.Build.0 = Release|Any CPU
		{0B8CEA08-318D-4CBC-A5B2-94723523B33F}.Debug|Any CPU.ActiveCfg = Debug|Any CPU
		{0B8CEA08-318D-4CBC-A5B2-94723523B33F}.Debug|Any CPU.Build.0 = Debug|Any CPU
		{0B8CEA08-318D-4CBC-A5B2-94723523B33F}.Release|Any CPU.ActiveCfg = Release|Any CPU
		{0B8CEA08-318D-4CBC-A5B2-94723523B33F}.Release|Any CPU.Build.0 = Release|Any CPU
		{B42E75D7-1D3E-4528-BCFB-0B96F2FBA0DD}.Debug|Any CPU.ActiveCfg = Debug|Any CPU
		{B42E75D7-1D3E-4528-BCFB-0B96F2FBA0DD}.Debug|Any CPU.Build.0 = Debug|Any CPU
		{B42E75D7-1D3E-4528-BCFB-0B96F2FBA0DD}.Release|Any CPU.ActiveCfg = Release|Any CPU
		{B42E75D7-1D3E-4528-BCFB-0B96F2FBA0DD}.Release|Any CPU.Build.0 = Release|Any CPU
		{9DE849E9-D87A-45CA-B2F7-AE29B5414817}.Debug|Any CPU.ActiveCfg = Debug|Any CPU
		{9DE849E9-D87A-45CA-B2F7-AE29B5414817}.Debug|Any CPU.Build.0 = Debug|Any CPU
		{9DE849E9-D87A-45CA-B2F7-AE29B5414817}.Release|Any CPU.ActiveCfg = Release|Any CPU
		{9DE849E9-D87A-45CA-B2F7-AE29B5414817}.Release|Any CPU.Build.0 = Release|Any CPU
		{8F87EA9A-0D6D-43AA-B15F-74720D401A57}.Debug|Any CPU.ActiveCfg = Debug|Any CPU
		{8F87EA9A-0D6D-43AA-B15F-74720D401A57}.Debug|Any CPU.Build.0 = Debug|Any CPU
		{8F87EA9A-0D6D-43AA-B15F-74720D401A57}.Release|Any CPU.ActiveCfg = Release|Any CPU
		{8F87EA9A-0D6D-43AA-B15F-74720D401A57}.Release|Any CPU.Build.0 = Release|Any CPU
		{45407C3B-A1D0-4778-ABA1-B3E838E2E703}.Debug|Any CPU.ActiveCfg = Debug|Any CPU
		{45407C3B-A1D0-4778-ABA1-B3E838E2E703}.Debug|Any CPU.Build.0 = Debug|Any CPU
		{45407C3B-A1D0-4778-ABA1-B3E838E2E703}.Release|Any CPU.ActiveCfg = Release|Any CPU
		{45407C3B-A1D0-4778-ABA1-B3E838E2E703}.Release|Any CPU.Build.0 = Release|Any CPU
		{95857FAC-A537-4BBB-A707-09038F8765AA}.Debug|Any CPU.ActiveCfg = Debug|Any CPU
		{95857FAC-A537-4BBB-A707-09038F8765AA}.Debug|Any CPU.Build.0 = Debug|Any CPU
		{95857FAC-A537-4BBB-A707-09038F8765AA}.Release|Any CPU.ActiveCfg = Release|Any CPU
		{95857FAC-A537-4BBB-A707-09038F8765AA}.Release|Any CPU.Build.0 = Release|Any CPU
		{F1493DE1-6688-4D5C-8F78-31E22CDD2B9F}.Debug|Any CPU.ActiveCfg = Debug|Any CPU
		{F1493DE1-6688-4D5C-8F78-31E22CDD2B9F}.Debug|Any CPU.Build.0 = Debug|Any CPU
		{F1493DE1-6688-4D5C-8F78-31E22CDD2B9F}.Release|Any CPU.ActiveCfg = Release|Any CPU
		{F1493DE1-6688-4D5C-8F78-31E22CDD2B9F}.Release|Any CPU.Build.0 = Release|Any CPU
		{E4418DE1-3BB3-4290-8C3A-2BEFEDA28B89}.Debug|Any CPU.ActiveCfg = Debug|Any CPU
		{E4418DE1-3BB3-4290-8C3A-2BEFEDA28B89}.Debug|Any CPU.Build.0 = Debug|Any CPU
		{E4418DE1-3BB3-4290-8C3A-2BEFEDA28B89}.Release|Any CPU.ActiveCfg = Release|Any CPU
		{E4418DE1-3BB3-4290-8C3A-2BEFEDA28B89}.Release|Any CPU.Build.0 = Release|Any CPU
		{C686F3AC-979B-4767-A079-6E8C6E5CF6B7}.Debug|Any CPU.ActiveCfg = Debug|Any CPU
		{C686F3AC-979B-4767-A079-6E8C6E5CF6B7}.Debug|Any CPU.Build.0 = Debug|Any CPU
		{C686F3AC-979B-4767-A079-6E8C6E5CF6B7}.Release|Any CPU.ActiveCfg = Release|Any CPU
		{C686F3AC-979B-4767-A079-6E8C6E5CF6B7}.Release|Any CPU.Build.0 = Release|Any CPU
	EndGlobalSection
	GlobalSection(SolutionProperties) = preSolution
		HideSolutionNode = FALSE
	EndGlobalSection
	GlobalSection(NestedProjects) = preSolution
		{B1121C94-1DEF-4ACE-B64D-672ECC3CE4D6} = {210370F1-ED7D-4433-97DA-A00D9B2EE9BB}
		{EDCC20C7-393F-47FE-9EFF-8655C4FD2BBE} = {210370F1-ED7D-4433-97DA-A00D9B2EE9BB}
		{991351CB-5A5D-4D89-A17A-A43F3CB2D5A3} = {210370F1-ED7D-4433-97DA-A00D9B2EE9BB}
		{8E88D691-C2E3-44B7-B2A7-8E2273BFFF35} = {210370F1-ED7D-4433-97DA-A00D9B2EE9BB}
		{926C7237-C91E-49B7-B5CC-757802363910} = {02EA681E-C7D8-13C7-8484-4AC65E1B71E8}
		{DF2D1036-E71A-4EFE-9C1C-1C16C32243F6} = {02EA681E-C7D8-13C7-8484-4AC65E1B71E8}
		{DE84CF5F-93C7-4CAA-8E35-D4826CFB72BB} = {02EA681E-C7D8-13C7-8484-4AC65E1B71E8}
		{F8D69164-2103-48AB-862D-3D8A954A7F49} = {02EA681E-C7D8-13C7-8484-4AC65E1B71E8}
		{1F023ADF-464F-4C64-9CBE-BE229A3957FD} = {9670FA8E-1D03-4DCA-A114-39D70A03210F}
		{D866FAE8-ECB4-4108-8940-B2D9BEF28FE2} = {1F023ADF-464F-4C64-9CBE-BE229A3957FD}
		{E8BA5030-E34E-4C46-964F-3006FABFC82C} = {1F023ADF-464F-4C64-9CBE-BE229A3957FD}
		{8C8D80BA-09B9-4AD2-A915-910D528F4782} = {1F023ADF-464F-4C64-9CBE-BE229A3957FD}
		{0B8CEA08-318D-4CBC-A5B2-94723523B33F} = {1F023ADF-464F-4C64-9CBE-BE229A3957FD}
		{67B2D64A-94D7-4E13-9E82-02D6FFB6796B} = {9670FA8E-1D03-4DCA-A114-39D70A03210F}
		{B42E75D7-1D3E-4528-BCFB-0B96F2FBA0DD} = {67B2D64A-94D7-4E13-9E82-02D6FFB6796B}
		{9DE849E9-D87A-45CA-B2F7-AE29B5414817} = {67B2D64A-94D7-4E13-9E82-02D6FFB6796B}
		{8F87EA9A-0D6D-43AA-B15F-74720D401A57} = {67B2D64A-94D7-4E13-9E82-02D6FFB6796B}
		{45407C3B-A1D0-4778-ABA1-B3E838E2E703} = {67B2D64A-94D7-4E13-9E82-02D6FFB6796B}
		{C2ED0825-F9CE-45AF-B734-665DE8328746} = {9670FA8E-1D03-4DCA-A114-39D70A03210F}
		{95857FAC-A537-4BBB-A707-09038F8765AA} = {C2ED0825-F9CE-45AF-B734-665DE8328746}
		{F1493DE1-6688-4D5C-8F78-31E22CDD2B9F} = {C2ED0825-F9CE-45AF-B734-665DE8328746}
		{E4418DE1-3BB3-4290-8C3A-2BEFEDA28B89} = {C2ED0825-F9CE-45AF-B734-665DE8328746}
		{C686F3AC-979B-4767-A079-6E8C6E5CF6B7} = {C2ED0825-F9CE-45AF-B734-665DE8328746}
	EndGlobalSection
	GlobalSection(ExtensibilityGlobals) = postSolution
		SolutionGuid = {35F16C1E-0BA0-42E1-9392-035DE220EF71}
	EndGlobalSection
EndGlobal
